
Microsoft Visual Studio Solution File, Format Version 11.00
# Visual Studio 2010
Project("{2150E333-8FDC-42A3-9474-1A3956D46DE8}") = "3. Presentacion", "3. Presentacion", "{F50AF438-5635-45CE-B8B2-C9BAB1415B13}"
EndProject
Project("{2150E333-8FDC-42A3-9474-1A3956D46DE8}") = "1. Dominio", "1. Dominio", "{CCA8D9F1-AF91-43D6-B225-C6C9CEFCF14E}"
EndProject
Project("{2150E333-8FDC-42A3-9474-1A3956D46DE8}") = "2. Negocio", "2. Negocio", "{0F85E4CF-B096-4D59-A09B-D4919C50D855}"
EndProject
Project("{FAE04EC0-301F-11D3-BF4B-00C04F79EFBC}") = "dominio", "dominio\dominio.csproj", "{B39C0466-4583-48E5-B972-AE05BE057C21}"
EndProject
Project("{FAE04EC0-301F-11D3-BF4B-00C04F79EFBC}") = "negocio", "negocio\negocio.csproj", "{A2C06401-4050-4199-AD22-222CBFDFCB67}"
EndProject
Project("{E24C65DC-7377-472B-9ABA-BC803B73C61A}") = "web", "web\", "{D5BF9CC8-B025-4427-8650-63FABB492A4B}"
	ProjectSection(WebsiteProperties) = preProject
		TargetFrameworkMoniker = ".NETFramework,Version%3Dv4.0"
		ProjectReferences = "{B39C0466-4583-48E5-B972-AE05BE057C21}|it.dominio.dll;{A2C06401-4050-4199-AD22-222CBFDFCB67}|it.negocio.dll;"
		Debug.AspNetCompiler.VirtualPath = "/web"
		Debug.AspNetCompiler.PhysicalPath = "web\"
		Debug.AspNetCompiler.TargetPath = "PrecompiledWeb\web\"
		Debug.AspNetCompiler.Updateable = "true"
		Debug.AspNetCompiler.ForceOverwrite = "true"
		Debug.AspNetCompiler.FixedNames = "false"
		Debug.AspNetCompiler.Debug = "True"
		Release.AspNetCompiler.VirtualPath = "/web"
		Release.AspNetCompiler.PhysicalPath = "web\"
		Release.AspNetCompiler.TargetPath = "PrecompiledWeb\web\"
		Release.AspNetCompiler.Updateable = "true"
		Release.AspNetCompiler.ForceOverwrite = "true"
		Release.AspNetCompiler.FixedNames = "false"
		Release.AspNetCompiler.Debug = "False"
		VWDPort = "29036"
		DefaultWebSiteLanguage = "Visual C#"
	EndProjectSection
EndProject
Global
	GlobalSection(SolutionConfigurationPlatforms) = preSolution
		Debug|Any CPU = Debug|Any CPU
		Release|Any CPU = Release|Any CPU
	EndGlobalSection
	GlobalSection(ProjectConfigurationPlatforms) = postSolution
		{B39C0466-4583-48E5-B972-AE05BE057C21}.Debug|Any CPU.ActiveCfg = Debug|Any CPU
		{B39C0466-4583-48E5-B972-AE05BE057C21}.Debug|Any CPU.Build.0 = Debug|Any CPU
		{B39C0466-4583-48E5-B972-AE05BE057C21}.Release|Any CPU.ActiveCfg = Release|Any CPU
		{B39C0466-4583-48E5-B972-AE05BE057C21}.Release|Any CPU.Build.0 = Release|Any CPU
		{A2C06401-4050-4199-AD22-222CBFDFCB67}.Debug|Any CPU.ActiveCfg = Debug|Any CPU
		{A2C06401-4050-4199-AD22-222CBFDFCB67}.Debug|Any CPU.Build.0 = Debug|Any CPU
		{A2C06401-4050-4199-AD22-222CBFDFCB67}.Release|Any CPU.ActiveCfg = Release|Any CPU
		{A2C06401-4050-4199-AD22-222CBFDFCB67}.Release|Any CPU.Build.0 = Release|Any CPU
		{D5BF9CC8-B025-4427-8650-63FABB492A4B}.Debug|Any CPU.ActiveCfg = Debug|Any CPU
		{D5BF9CC8-B025-4427-8650-63FABB492A4B}.Debug|Any CPU.Build.0 = Debug|Any CPU
		{D5BF9CC8-B025-4427-8650-63FABB492A4B}.Release|Any CPU.ActiveCfg = Debug|Any CPU
		{D5BF9CC8-B025-4427-8650-63FABB492A4B}.Release|Any CPU.Build.0 = Debug|Any CPU
	EndGlobalSection
	GlobalSection(SolutionProperties) = preSolution
		HideSolutionNode = FALSE
	EndGlobalSection
	GlobalSection(NestedProjects) = preSolution
		{D5BF9CC8-B025-4427-8650-63FABB492A4B} = {F50AF438-5635-45CE-B8B2-C9BAB1415B13}
		{B39C0466-4583-48E5-B972-AE05BE057C21} = {CCA8D9F1-AF91-43D6-B225-C6C9CEFCF14E}
		{A2C06401-4050-4199-AD22-222CBFDFCB67} = {0F85E4CF-B096-4D59-A09B-D4919C50D855}
	EndGlobalSection
EndGlobal
